
Microsoft Visual Studio Solution File, Format Version 12.00
# Visual Studio Version 16
VisualStudioVersion = 16.0.32901.82
MinimumVisualStudioVersion = 10.0.40219.1
Project("{FAE04EC0-301F-11D3-BF4B-00C04F79EFBC}") = "ArrayStatistic", "ArrayStatistic\ArrayStatistic.csproj", "{0A9DCA63-B5A8-481D-80A0-8C71D0804186}"
EndProject
Global
	GlobalSection(SolutionConfigurationPlatforms) = preSolution
		Debug|Any CPU = Debug|Any CPU
		Release|Any CPU = Release|Any CPU
	EndGlobalSection
	GlobalSection(ProjectConfigurationPlatforms) = postSolution
		{0A9DCA63-B5A8-481D-80A0-8C71D0804186}.Debug|Any CPU.ActiveCfg = Debug|Any CPU
		{0A9DCA63-B5A8-481D-80A0-8C71D0804186}.Debug|Any CPU.Build.0 = Debug|Any CPU
		{0A9DCA63-B5A8-481D-80A0-8C71D0804186}.Release|Any CPU.ActiveCfg = Release|Any CPU
		{0A9DCA63-B5A8-481D-80A0-8C71D0804186}.Release|Any CPU.Build.0 = Release|Any CPU
	EndGlobalSection
	GlobalSection(SolutionProperties) = preSolution
		HideSolutionNode = FALSE
	EndGlobalSection
	GlobalSection(ExtensibilityGlobals) = postSolution
		SolutionGuid = {C2934378-0634-46D1-B0A8-446B9E83EA00}
	EndGlobalSection
EndGlobal
